<?xml version="1.0" encoding="utf-8"?>
<Project ToolsVersion="4.0" xmlns="http://schemas.microsoft.com/developer/msbuild/2003">
  <ItemGroup>
    <Filter Include="Source Files">
      <UniqueIdentifier>{4FC737F1-C7A5-4376-A066-2A32D752A2FF}</UniqueIdentifier>
      <Extensions>cpp;c;cc;cxx;def;odl;idl;hpj;bat;asm;asmx</Extensions>
    </Filter>
    <Filter Include="Header Files">
      <UniqueIdentifier>{93995380-89BD-4b04-88EB-625FBE52EBFB}</UniqueIdentifier>
      <Extensions>h;hh;hpp;hxx;hm;inl;inc;xsd</Extensions>
    </Filter>
    <Filter Include="Resource Files">
      <UniqueIdentifier>{67DA6AB6-F800-4c08-8B7A-83BB121AAD01}</UniqueIdentifier>
      <Extensions>rc;ico;cur;bmp;dlg;rc2;rct;bin;rgs;gif;jpg;jpeg;jpe;resx;tiff;tif;png;wav;mfcribbon-ms</Extensions>
    </Filter>
    <Filter Include="Shaders">
      <UniqueIdentifier>{d66ba745-4bac-4b90-89ef-d0f78a08696c}</UniqueIdentifier>
    </Filter>
  </ItemGroup>
  <ItemGroup>
    <ClInclude Include="CoreGame.h">
      <Filter>Header Files</Filter>
    </ClInclude>
    <ClInclude Include="IGame.h">
      <Filter>Header Files</Filter>
    </ClInclude>
    <ClInclude Include="Vector3.h">
      <Filter>Header Files</Filter>
    </ClInclude>
    <ClInclude Include="Engine.h">
      <Filter>Header Files</Filter>
    </ClInclude>
    <ClInclude Include="Entity.h">
      <Filter>Header Files</Filter>
    </ClInclude>
    <ClInclude Include="Keyboard.h">
      <Filter>Header Files</Filter>
    </ClInclude>
    <ClInclude Include="SystemCore.h">
      <Filter>Header Files</Filter>
    </ClInclude>
    <ClInclude Include="States.h">
      <Filter>Header Files</Filter>
    </ClInclude>
    <ClInclude Include="SimpleShader.h">
      <Filter>Header Files</Filter>
    </ClInclude>
    <ClInclude Include="Mesh.h">
      <Filter>Header Files</Filter>
    </ClInclude>
    <ClInclude Include="Renderer.h">
      <Filter>Header Files</Filter>
    </ClInclude>
    <ClInclude Include="Material.h">
      <Filter>Header Files</Filter>
    </ClInclude>
    <ClInclude Include="Vertex.h">
      <Filter>Header Files</Filter>
    </ClInclude>
    <ClInclude Include="Constants.h">
      <Filter>Header Files</Filter>
    </ClInclude>
    <ClInclude Include="IFileLoader.h">
      <Filter>Header Files</Filter>
    </ClInclude>
    <ClInclude Include="json\json.h">
      <Filter>Header Files</Filter>
    </ClInclude>
    <ClInclude Include="json\json-forwards.h">
      <Filter>Header Files</Filter>
    </ClInclude>
    <ClInclude Include="ConfigLoader.h">
      <Filter>Header Files</Filter>
    </ClInclude>
    <ClInclude Include="MeshLoader.h">
      <Filter>Header Files</Filter>
    </ClInclude>
    <ClInclude Include="ISerializable.h">
      <Filter>Header Files</Filter>
    </ClInclude>
    <ClInclude Include="SaveSystem.h">
      <Filter>Header Files</Filter>
    </ClInclude>
    <ClInclude Include="FileBuffer.h">
      <Filter>Header Files</Filter>
    </ClInclude>
    <ClInclude Include="Rect.h">
      <Filter>Header Files</Filter>
    </ClInclude>
    <ClInclude Include="Mouse.h">
      <Filter>Header Files</Filter>
    </ClInclude>
    <ClInclude Include="Vector2f.h">
      <Filter>Header Files</Filter>
    </ClInclude>
    <ClInclude Include="EntityContextWrapper.h">
      <Filter>Header Files</Filter>
    </ClInclude>
    <ClInclude Include="GameEntity.h">
      <Filter>Header Files</Filter>
    </ClInclude>
    <ClInclude Include="ResourceManager.h">
      <Filter>Header Files</Filter>
    </ClInclude>
    <ClInclude Include="Collision2D.h">
      <Filter>Header Files</Filter>
    </ClInclude>
    <ClInclude Include="ICollider2D.h">
      <Filter>Header Files</Filter>
    </ClInclude>
    <ClInclude Include="Utility.h">
      <Filter>Header Files</Filter>
    </ClInclude>
    <ClInclude Include="QuadTree.h">
      <Filter>Header Files</Filter>
    </ClInclude>
    <ClInclude Include="Camera.h">
      <Filter>Header Files</Filter>
    </ClInclude>
    <ClInclude Include="Lights.h">
      <Filter>Header Files</Filter>
    </ClInclude>
  </ItemGroup>
  <ItemGroup>
    <ClCompile Include="CoreGame.cpp">
      <Filter>Source Files</Filter>
    </ClCompile>
    <ClCompile Include="IGame.cpp">
      <Filter>Source Files</Filter>
    </ClCompile>
    <ClCompile Include="Vector3.cpp">
      <Filter>Source Files</Filter>
    </ClCompile>
    <ClCompile Include="Entity.cpp">
      <Filter>Source Files</Filter>
    </ClCompile>
    <ClCompile Include="SystemCore.cpp">
      <Filter>Source Files</Filter>
    </ClCompile>
    <ClCompile Include="Keyboard.cpp">
      <Filter>Source Files</Filter>
    </ClCompile>
    <ClCompile Include="SimpleShader.cpp">
      <Filter>Source Files</Filter>
    </ClCompile>
    <ClCompile Include="Mesh.cpp">
      <Filter>Source Files</Filter>
    </ClCompile>
    <ClCompile Include="Renderer.cpp">
      <Filter>Source Files</Filter>
    </ClCompile>
    <ClCompile Include="Material.cpp">
      <Filter>Source Files</Filter>
    </ClCompile>
    <ClCompile Include="jsoncpp.cpp">
      <Filter>Source Files</Filter>
    </ClCompile>
    <ClCompile Include="ConfigLoader.cpp">
      <Filter>Source Files</Filter>
    </ClCompile>
    <ClCompile Include="MeshLoader.cpp">
      <Filter>Source Files</Filter>
    </ClCompile>
    <ClCompile Include="SaveSystem.cpp">
      <Filter>Source Files</Filter>
    </ClCompile>
    <ClCompile Include="FileBuffer.cpp">
      <Filter>Source Files</Filter>
    </ClCompile>
    <ClCompile Include="Rect.cpp">
      <Filter>Source Files</Filter>
    </ClCompile>
    <ClCompile Include="Mouse.cpp">
      <Filter>Source Files</Filter>
    </ClCompile>
    <ClCompile Include="Vector2f.cpp">
      <Filter>Source Files</Filter>
    </ClCompile>
    <ClCompile Include="GameEntity.cpp">
      <Filter>Source Files</Filter>
    </ClCompile>
    <ClCompile Include="ResourceManager.cpp">
      <Filter>Source Files</Filter>
    </ClCompile>
    <ClCompile Include="Collision2D.cpp">
      <Filter>Source Files</Filter>
    </ClCompile>
    <ClCompile Include="Utility.cpp">
      <Filter>Source Files</Filter>
    </ClCompile>
    <ClCompile Include="QuadTree.cpp">
      <Filter>Source Files</Filter>
    </ClCompile>
    <ClCompile Include="Camera.cpp">
      <Filter>Source Files</Filter>
    </ClCompile>
  </ItemGroup>
  <ItemGroup>
    <FxCompile Include="VertexShader.hlsl">
      <Filter>Shaders</Filter>
    </FxCompile>
    <FxCompile Include="PixelShader.hlsl">
      <Filter>Shaders</Filter>
    </FxCompile>
  </ItemGroup>
  <ItemGroup>
    <None Include="packages.config" />
  </ItemGroup>
</Project>